
Microsoft Visual Studio Solution File, Format Version 12.00
# Visual Studio 15
Project("{FAE04EC0-301F-11D3-BF4B-00C04F79EFBC}") = "Assembly-CSharp", "Assembly-CSharp.csproj", "{275BC588-AE22-9AED-A61F-6F64B09B9A9E}"
EndProject
Project("{FAE04EC0-301F-11D3-BF4B-00C04F79EFBC}") = "Assembly-CSharp-firstpass", "Assembly-CSharp-firstpass.csproj", "{231FBA2E-1ABD-46CB-0F8E-ED2CB6266189}"
EndProject
Project("{FAE04EC0-301F-11D3-BF4B-00C04F79EFBC}") = "Assembly-CSharp-Editor", "Assembly-CSharp-Editor.csproj", "{D0F7FD32-6622-0D4F-7002-9518ACDE1899}"
EndProject
Project("{FAE04EC0-301F-11D3-BF4B-00C04F79EFBC}") = "Assembly-CSharp-Editor-firstpass", "Assembly-CSharp-Editor-firstpass.csproj", "{B58713AA-EC99-19B7-A25C-F95F24ADE07D}"
EndProject
Global
	GlobalSection(SolutionConfigurationPlatforms) = preSolution
		Debug|Any CPU = Debug|Any CPU
		Release|Any CPU = Release|Any CPU
	EndGlobalSection
	GlobalSection(ProjectConfigurationPlatforms) = postSolution
		{275BC588-AE22-9AED-A61F-6F64B09B9A9E}.Debug|Any CPU.ActiveCfg = Debug|Any CPU
		{275BC588-AE22-9AED-A61F-6F64B09B9A9E}.Debug|Any CPU.Build.0 = Debug|Any CPU
		{275BC588-AE22-9AED-A61F-6F64B09B9A9E}.Release|Any CPU.ActiveCfg = Release|Any CPU
		{275BC588-AE22-9AED-A61F-6F64B09B9A9E}.Release|Any CPU.Build.0 = Release|Any CPU
		{231FBA2E-1ABD-46CB-0F8E-ED2CB6266189}.Debug|Any CPU.ActiveCfg = Debug|Any CPU
		{231FBA2E-1ABD-46CB-0F8E-ED2CB6266189}.Debug|Any CPU.Build.0 = Debug|Any CPU
		{231FBA2E-1ABD-46CB-0F8E-ED2CB6266189}.Release|Any CPU.ActiveCfg = Release|Any CPU
		{231FBA2E-1ABD-46CB-0F8E-ED2CB6266189}.Release|Any CPU.Build.0 = Release|Any CPU
		{D0F7FD32-6622-0D4F-7002-9518ACDE1899}.Debug|Any CPU.ActiveCfg = Debug|Any CPU
		{D0F7FD32-6622-0D4F-7002-9518ACDE1899}.Debug|Any CPU.Build.0 = Debug|Any CPU
		{D0F7FD32-6622-0D4F-7002-9518ACDE1899}.Release|Any CPU.ActiveCfg = Release|Any CPU
		{D0F7FD32-6622-0D4F-7002-9518ACDE1899}.Release|Any CPU.Build.0 = Release|Any CPU
		{B58713AA-EC99-19B7-A25C-F95F24ADE07D}.Debug|Any CPU.ActiveCfg = Debug|Any CPU
		{B58713AA-EC99-19B7-A25C-F95F24ADE07D}.Debug|Any CPU.Build.0 = Debug|Any CPU
		{B58713AA-EC99-19B7-A25C-F95F24ADE07D}.Release|Any CPU.ActiveCfg = Release|Any CPU
		{B58713AA-EC99-19B7-A25C-F95F24ADE07D}.Release|Any CPU.Build.0 = Release|Any CPU
	EndGlobalSection
	GlobalSection(SolutionProperties) = preSolution
		HideSolutionNode = FALSE
	EndGlobalSection
EndGlobal
